
Microsoft Visual Studio Solution File, Format Version 12.00
# Visual Studio 15
VisualStudioVersion = 15.0.28307.572
MinimumVisualStudioVersion = 10.0.40219.1
Project("{FAE04EC0-301F-11D3-BF4B-00C04F79EFBC}") = "DoAnTotNghiep", "DoAnTotNghiep\DoAnTotNghiep.csproj", "{CEDF038E-DBDA-49B1-8D23-2A6237BECFD5}"
EndProject
Global
	GlobalSection(SolutionConfigurationPlatforms) = preSolution
		Debug|Any CPU = Debug|Any CPU
		Release|Any CPU = Release|Any CPU
	EndGlobalSection
	GlobalSection(ProjectConfigurationPlatforms) = postSolution
		{CEDF038E-DBDA-49B1-8D23-2A6237BECFD5}.Debug|Any CPU.ActiveCfg = Debug|Any CPU
		{CEDF038E-DBDA-49B1-8D23-2A6237BECFD5}.Debug|Any CPU.Build.0 = Debug|Any CPU
		{CEDF038E-DBDA-49B1-8D23-2A6237BECFD5}.Release|Any CPU.ActiveCfg = Release|Any CPU
		{CEDF038E-DBDA-49B1-8D23-2A6237BECFD5}.Release|Any CPU.Build.0 = Release|Any CPU
	EndGlobalSection
	GlobalSection(SolutionProperties) = preSolution
		HideSolutionNode = FALSE
	EndGlobalSection
	GlobalSection(ExtensibilityGlobals) = postSolution
		SolutionGuid = {E454980D-67C1-4491-962F-DD3C5207FBAC}
	EndGlobalSection
EndGlobal
